
Microsoft Visual Studio Solution File, Format Version 12.00
# Visual Studio Version 17
VisualStudioVersion = 17.14.37516.0 d17.14
MinimumVisualStudioVersion = 10.0.40219.1
Project("{FAE04EC0-301F-11D3-BF4B-00C04F79EFBC}") = "InterviewPrepsLeetCode", "InterviewPrepsLeetCode\InterviewPrepsLeetCode.csproj", "{0D1596F1-3FCF-4774-8EC6-236876509627}"
EndProject
Project("{FAE04EC0-301F-11D3-BF4B-00C04F79EFBC}") = "InterviewPrepsLeetCode.Tests", "InterviewPrepsLeetCode.Tests\InterviewPrepsLeetCode.Tests.csproj", "{6AD3B114-AEE1-4CF5-BA70-E02414EDE936}"
EndProject
Global
	GlobalSection(SolutionConfigurationPlatforms) = preSolution
		Debug|Any CPU = Debug|Any CPU
		Release|Any CPU = Release|Any CPU
	EndGlobalSection
	GlobalSection(ProjectConfigurationPlatforms) = postSolution
		{0D1596F1-3FCF-4774-8EC6-236876509627}.Debug|Any CPU.ActiveCfg = Debug|Any CPU
		{0D1596F1-3FCF-4774-8EC6-236876509627}.Debug|Any CPU.Build.0 = Debug|Any CPU
		{0D1596F1-3FCF-4774-8EC6-236876509627}.Release|Any CPU.ActiveCfg = Release|Any CPU
		{0D1596F1-3FCF-4774-8EC6-236876509627}.Release|Any CPU.Build.0 = Release|Any CPU
		{6AD3B114-AEE1-4CF5-BA70-E02414EDE936}.Debug|Any CPU.ActiveCfg = Debug|Any CPU
		{6AD3B114-AEE1-4CF5-BA70-E02414EDE936}.Debug|Any CPU.Build.0 = Debug|Any CPU
		{6AD3B114-AEE1-4CF5-BA70-E02414EDE936}.Release|Any CPU.ActiveCfg = Release|Any CPU
		{6AD3B114-AEE1-4CF5-BA70-E02414EDE936}.Release|Any CPU.Build.0 = Release|Any CPU
	EndGlobalSection
	GlobalSection(SolutionProperties) = preSolution
		HideSolutionNode = FALSE
	EndGlobalSection
	GlobalSection(ExtensibilityGlobals) = postSolution
		SolutionGuid = {D6724287-4CF4-476D-BD83-149D26D818B3}
	EndGlobalSection
EndGlobal
